
Microsoft Visual Studio Solution File, Format Version 12.00
# Visual Studio Version 16
VisualStudioVersion = 16.0.30309.148
MinimumVisualStudioVersion = 10.0.40219.1
Project("{FAE04EC0-301F-11D3-BF4B-00C04F79EFBC}") = "RecomendedMovies", "RecomendedMovies\RecomendedMovies.csproj", "{5796F0E9-DE07-4932-9788-F518F90C11D1}"
EndProject
Project("{9A19103F-16F7-4668-BE54-9A1E7A4F7556}") = "RecomendedMoviesML.Model", "RecomendedMoviesML.Model\RecomendedMoviesML.Model.csproj", "{028C44F9-20B2-465B-AB2B-B37657B575BB}"
EndProject
Project("{9A19103F-16F7-4668-BE54-9A1E7A4F7556}") = "RecomendedMoviesML.ConsoleApp", "RecomendedMoviesML.ConsoleApp\RecomendedMoviesML.ConsoleApp.csproj", "{CCDCCE89-4A49-4CCF-9D3A-48AE70768001}"
EndProject
Global
	GlobalSection(SolutionConfigurationPlatforms) = preSolution
		Debug|Any CPU = Debug|Any CPU
		Release|Any CPU = Release|Any CPU
	EndGlobalSection
	GlobalSection(ProjectConfigurationPlatforms) = postSolution
		{5796F0E9-DE07-4932-9788-F518F90C11D1}.Debug|Any CPU.ActiveCfg = Debug|Any CPU
		{5796F0E9-DE07-4932-9788-F518F90C11D1}.Debug|Any CPU.Build.0 = Debug|Any CPU
		{5796F0E9-DE07-4932-9788-F518F90C11D1}.Release|Any CPU.ActiveCfg = Release|Any CPU
		{5796F0E9-DE07-4932-9788-F518F90C11D1}.Release|Any CPU.Build.0 = Release|Any CPU
		{028C44F9-20B2-465B-AB2B-B37657B575BB}.Debug|Any CPU.ActiveCfg = Debug|Any CPU
		{028C44F9-20B2-465B-AB2B-B37657B575BB}.Debug|Any CPU.Build.0 = Debug|Any CPU
		{028C44F9-20B2-465B-AB2B-B37657B575BB}.Release|Any CPU.ActiveCfg = Release|Any CPU
		{028C44F9-20B2-465B-AB2B-B37657B575BB}.Release|Any CPU.Build.0 = Release|Any CPU
		{CCDCCE89-4A49-4CCF-9D3A-48AE70768001}.Debug|Any CPU.ActiveCfg = Debug|Any CPU
		{CCDCCE89-4A49-4CCF-9D3A-48AE70768001}.Debug|Any CPU.Build.0 = Debug|Any CPU
		{CCDCCE89-4A49-4CCF-9D3A-48AE70768001}.Release|Any CPU.ActiveCfg = Release|Any CPU
		{CCDCCE89-4A49-4CCF-9D3A-48AE70768001}.Release|Any CPU.Build.0 = Release|Any CPU
	EndGlobalSection
	GlobalSection(SolutionProperties) = preSolution
		HideSolutionNode = FALSE
	EndGlobalSection
	GlobalSection(ExtensibilityGlobals) = postSolution
		SolutionGuid = {1882E467-73D9-44A6-A0AB-BD29C1EE1AAC}
	EndGlobalSection
EndGlobal
